
Microsoft Visual Studio Solution File, Format Version 11.00
# Visual C++ Express 2010
Project("{8BC9CEB8-8B4A-11D0-8D11-00A0C91BC942}") = "Stack Exercise", "Stack Exercise\Stack Exercise.vcxproj", "{956D9C6C-3C0A-4E81-B7F9-D24CE79C8277}"
EndProject
Global
	GlobalSection(SolutionConfigurationPlatforms) = preSolution
		Debug|Win32 = Debug|Win32
		Release|Win32 = Release|Win32
	EndGlobalSection
	GlobalSection(ProjectConfigurationPlatforms) = postSolution
		{956D9C6C-3C0A-4E81-B7F9-D24CE79C8277}.Debug|Win32.ActiveCfg = Debug|Win32
		{956D9C6C-3C0A-4E81-B7F9-D24CE79C8277}.Debug|Win32.Build.0 = Debug|Win32
		{956D9C6C-3C0A-4E81-B7F9-D24CE79C8277}.Release|Win32.ActiveCfg = Release|Win32
		{956D9C6C-3C0A-4E81-B7F9-D24CE79C8277}.Release|Win32.Build.0 = Release|Win32
	EndGlobalSection
	GlobalSection(SolutionProperties) = preSolution
		HideSolutionNode = FALSE
	EndGlobalSection
EndGlobal
