
Microsoft Visual Studio Solution File, Format Version 11.00
# Visual C++ Express 2010
Project("{8BC9CEB8-8B4A-11D0-8D11-00A0C91BC942}") = "Project 1.1", "Project 1.1\Project 1.1.vcxproj", "{94C53FEE-972F-437B-9058-6DD8BFF3BCEE}"
EndProject
Global
	GlobalSection(SolutionConfigurationPlatforms) = preSolution
		Debug|Win32 = Debug|Win32
		Release|Win32 = Release|Win32
	EndGlobalSection
	GlobalSection(ProjectConfigurationPlatforms) = postSolution
		{94C53FEE-972F-437B-9058-6DD8BFF3BCEE}.Debug|Win32.ActiveCfg = Debug|Win32
		{94C53FEE-972F-437B-9058-6DD8BFF3BCEE}.Debug|Win32.Build.0 = Debug|Win32
		{94C53FEE-972F-437B-9058-6DD8BFF3BCEE}.Release|Win32.ActiveCfg = Release|Win32
		{94C53FEE-972F-437B-9058-6DD8BFF3BCEE}.Release|Win32.Build.0 = Release|Win32
	EndGlobalSection
	GlobalSection(SolutionProperties) = preSolution
		HideSolutionNode = FALSE
	EndGlobalSection
EndGlobal
